
Microsoft Visual Studio Solution File, Format Version 12.00
# Visual Studio Version 17
VisualStudioVersion = 17.13.35931.197 d17.13
MinimumVisualStudioVersion = 10.0.40219.1
Project("{FAE04EC0-301F-11D3-BF4B-00C04F79EFBC}") = "BlazorApp36", "BlazorApp36\BlazorApp36.csproj", "{D2276133-F1E9-4D86-9AD3-F2BCF1B12CCE}"
EndProject
Global
	GlobalSection(SolutionConfigurationPlatforms) = preSolution
		Debug|Any CPU = Debug|Any CPU
		Release|Any CPU = Release|Any CPU
	EndGlobalSection
	GlobalSection(ProjectConfigurationPlatforms) = postSolution
		{D2276133-F1E9-4D86-9AD3-F2BCF1B12CCE}.Debug|Any CPU.ActiveCfg = Debug|Any CPU
		{D2276133-F1E9-4D86-9AD3-F2BCF1B12CCE}.Debug|Any CPU.Build.0 = Debug|Any CPU
		{D2276133-F1E9-4D86-9AD3-F2BCF1B12CCE}.Release|Any CPU.ActiveCfg = Release|Any CPU
		{D2276133-F1E9-4D86-9AD3-F2BCF1B12CCE}.Release|Any CPU.Build.0 = Release|Any CPU
	EndGlobalSection
	GlobalSection(SolutionProperties) = preSolution
		HideSolutionNode = FALSE
	EndGlobalSection
	GlobalSection(ExtensibilityGlobals) = postSolution
		SolutionGuid = {4D5A2D31-88A9-4351-A0E4-2A54A9066DEC}
	EndGlobalSection
EndGlobal
